PODS:
  - Alamofire (3.1.2)
  - CocoaLumberjack (1.9.2):
    - CocoaLumberjack/Extensions (= 1.9.2)
  - CocoaLumberjack/Core (1.9.2)
  - CocoaLumberjack/Extensions (1.9.2):
    - CocoaLumberjack/Core
  - Kanna (1.0.2)
  - YapDatabase (2.5.4):
    - YapDatabase/standard (= 2.5.4)
  - YapDatabase/common (2.5.4):
    - CocoaLumberjack (~> 1)
  - YapDatabase/standard (2.5.4):
    - YapDatabase/common

DEPENDENCIES:
  - Alamofire (~> 3.1.2)
  - Kanna (~> 1.0.0)
  - YapDatabase (~> 2.5.4)

SPEC CHECKSUMS:
  Alamofire: 7c16ca65f3c7e681fd925fd7f2dec7747ff96855
  CocoaLumberjack: 628fca2e88ef06f7cf6817309aa405f325d9a6fa
  Kanna: 059afb193a9f8ea34f46cb55a8b11bf4257efad8
  YapDatabase: 52370b36f692e23c41c86e60f3bbf81b1c8ae44a

COCOAPODS: 0.39.0
